
Microsoft Visual Studio Solution File, Format Version 12.00
# Visual Studio Version 17
VisualStudioVersion = 17.0.31903.59
MinimumVisualStudioVersion = 10.0.40219.1
Project("{FAE04EC0-301F-11D3-BF4B-00C04F79EFBC}") = "Configuration.Core", "Configuration.Core\Configuration.Core.csproj", "{23970A78-4D87-4F11-95AE-93DB9C7E1399}"
EndProject
Project("{FAE04EC0-301F-11D3-BF4B-00C04F79EFBC}") = "Configuration.Api", "Configuration.Api\Configuration.Api.csproj", "{4E45D275-1CA8-4A67-9EB8-8D1050D03211}"
EndProject
Project("{FAE04EC0-301F-11D3-BF4B-00C04F79EFBC}") = "Configuration.Web", "Configuration.Web\Configuration.Web.csproj", "{EF557B23-070B-4703-8246-5EB85F60DA39}"
EndProject
Global
	GlobalSection(SolutionConfigurationPlatforms) = preSolution
		Debug|Any CPU = Debug|Any CPU
		Release|Any CPU = Release|Any CPU
	EndGlobalSection
	GlobalSection(SolutionProperties) = preSolution
		HideSolutionNode = FALSE
	EndGlobalSection
	GlobalSection(ProjectConfigurationPlatforms) = postSolution
		{23970A78-4D87-4F11-95AE-93DB9C7E1399}.Debug|Any CPU.ActiveCfg = Debug|Any CPU
		{23970A78-4D87-4F11-95AE-93DB9C7E1399}.Debug|Any CPU.Build.0 = Debug|Any CPU
		{23970A78-4D87-4F11-95AE-93DB9C7E1399}.Release|Any CPU.ActiveCfg = Release|Any CPU
		{23970A78-4D87-4F11-95AE-93DB9C7E1399}.Release|Any CPU.Build.0 = Release|Any CPU
		{4E45D275-1CA8-4A67-9EB8-8D1050D03211}.Debug|Any CPU.ActiveCfg = Debug|Any CPU
		{4E45D275-1CA8-4A67-9EB8-8D1050D03211}.Debug|Any CPU.Build.0 = Debug|Any CPU
		{4E45D275-1CA8-4A67-9EB8-8D1050D03211}.Release|Any CPU.ActiveCfg = Release|Any CPU
		{4E45D275-1CA8-4A67-9EB8-8D1050D03211}.Release|Any CPU.Build.0 = Release|Any CPU
		{EF557B23-070B-4703-8246-5EB85F60DA39}.Debug|Any CPU.ActiveCfg = Debug|Any CPU
		{EF557B23-070B-4703-8246-5EB85F60DA39}.Debug|Any CPU.Build.0 = Debug|Any CPU
		{EF557B23-070B-4703-8246-5EB85F60DA39}.Release|Any CPU.ActiveCfg = Release|Any CPU
		{EF557B23-070B-4703-8246-5EB85F60DA39}.Release|Any CPU.Build.0 = Release|Any CPU
	EndGlobalSection
EndGlobal
